
Microsoft Visual Studio Solution File, Format Version 11.00
# Visual Studio 2010
Project("{FAE04EC0-301F-11D3-BF4B-00C04F79EFBC}") = "Stereomood", "Stereomood\Stereomood.csproj", "{33CF9C7B-F20B-4FD4-91FD-822ADAD65819}"
EndProject
Project("{FAE04EC0-301F-11D3-BF4B-00C04F79EFBC}") = "StereomoodPlaybackAgent", "StereomoodPlaybackAgent\StereomoodPlaybackAgent.csproj", "{1FC78099-D833-48F8-A610-E85FB231C8A9}"
EndProject
Global
	GlobalSection(SolutionConfigurationPlatforms) = preSolution
		Debug|Any CPU = Debug|Any CPU
		Release|Any CPU = Release|Any CPU
	EndGlobalSection
	GlobalSection(ProjectConfigurationPlatforms) = postSolution
		{33CF9C7B-F20B-4FD4-91FD-822ADAD65819}.Debug|Any CPU.ActiveCfg = Debug|Any CPU
		{33CF9C7B-F20B-4FD4-91FD-822ADAD65819}.Debug|Any CPU.Build.0 = Debug|Any CPU
		{33CF9C7B-F20B-4FD4-91FD-822ADAD65819}.Debug|Any CPU.Deploy.0 = Debug|Any CPU
		{33CF9C7B-F20B-4FD4-91FD-822ADAD65819}.Release|Any CPU.ActiveCfg = Release|Any CPU
		{33CF9C7B-F20B-4FD4-91FD-822ADAD65819}.Release|Any CPU.Build.0 = Release|Any CPU
		{33CF9C7B-F20B-4FD4-91FD-822ADAD65819}.Release|Any CPU.Deploy.0 = Release|Any CPU
		{1FC78099-D833-48F8-A610-E85FB231C8A9}.Debug|Any CPU.ActiveCfg = Debug|Any CPU
		{1FC78099-D833-48F8-A610-E85FB231C8A9}.Debug|Any CPU.Build.0 = Debug|Any CPU
		{1FC78099-D833-48F8-A610-E85FB231C8A9}.Release|Any CPU.ActiveCfg = Release|Any CPU
		{1FC78099-D833-48F8-A610-E85FB231C8A9}.Release|Any CPU.Build.0 = Release|Any CPU
	EndGlobalSection
	GlobalSection(SolutionProperties) = preSolution
		HideSolutionNode = FALSE
	EndGlobalSection
EndGlobal
